// !$*UTF8*$!
{
	archiveVersion = 1;
	classes = {
	};
	objectVersion = 50;
	objects = {

/* Begin PBXBuildFile section */
		A8E6D4A9268A4E36001CB51D /* AppDelegate.swift in Sources */ = {isa = PBXBuildFile; fileRef = A8E6D4A8268A4E36001CB51D /* AppDelegate.swift */; };
		A8E6D4AB268A4E36001CB51D /* SceneDelegate.swift in Sources */ = {isa = PBXBuildFile; fileRef = A8E6D4AA268A4E36001CB51D /* SceneDelegate.swift */; };
		A8E6D4B0268A4E36001CB51D /* Main.storyboard in Resources */ = {isa = PBXBuildFile; fileRef = A8E6D4AE268A4E36001CB51D /* Main.storyboard */; };
		A8E6D4B3268A4E36001CB51D /* toDoList.xcdatamodeld in Sources */ = {isa = PBXBuildFile; fileRef = A8E6D4B1268A4E36001CB51D /* toDoList.xcdatamodeld */; };
		A8E6D4B5268A4E37001CB51D /* Assets.xcassets in Resources */ = {isa = PBXBuildFile; fileRef = A8E6D4B4268A4E37001CB51D /* Assets.xcassets */; };
		A8E6D4B8268A4E37001CB51D /* LaunchScreen.storyboard in Resources */ = {isa = PBXBuildFile; fileRef = A8E6D4B6268A4E37001CB51D /* LaunchScreen.storyboard */; };
		A8E6D4C3268A4E37001CB51D /* toDoListTests.swift in Sources */ = {isa = PBXBuildFile; fileRef = A8E6D4C2268A4E37001CB51D /* toDoListTests.swift */; };
		A8E6D4CE268A4E37001CB51D /* toDoListUITests.swift in Sources */ = {isa = PBXBuildFile; fileRef = A8E6D4CD268A4E37001CB51D /* toDoListUITests.swift */; };
		A8E6D4DC268A54A5001CB51D /* ToDoTableViewController.swift in Sources */ = {isa = PBXBuildFile; fileRef = A8E6D4DB268A54A5001CB51D /* ToDoTableViewController.swift */; };
		A8E6D4E0268ADD74001CB51D /* ToDo.swift in Sources */ = {isa = PBXBuildFile; fileRef = A8E6D4DF268ADD74001CB51D /* ToDo.swift */; };
		A8E6D4E4268AE82A001CB51D /* AddToDoViewController.swift in Sources */ = {isa = PBXBuildFile; fileRef = A8E6D4E3268AE82A001CB51D /* AddToDoViewController.swift */; };
		A8E6D525268B9149001CB51D /* CompleteToDoViewController.swift in Sources */ = {isa = PBXBuildFile; fileRef = A8E6D524268B9149001CB51D /* CompleteToDoViewController.swift */; };
/* End PBXBuildFile section */

/* Begin PBXContainerItemProxy section */
		A8E6D4BF268A4E37001CB51D /* PBXContainerItemProxy */ = {
			isa = PBXContainerItemProxy;
			containerPortal = A8E6D49D268A4E36001CB51D /* Project object */;
			proxyType = 1;
			remoteGlobalIDString = A8E6D4A4268A4E36001CB51D;
			remoteInfo = toDoList;
		};
		A8E6D4CA268A4E37001CB51D /* PBXContainerItemProxy */ = {
			isa = PBXContainerItemProxy;
			containerPortal = A8E6D49D268A4E36001CB51D /* Project object */;
			proxyType = 1;
			remoteGlobalIDString = A8E6D4A4268A4E36001CB51D;
			remoteInfo = toDoList;
		};
/* End PBXContainerItemProxy section */

/* Begin PBXFileReference section */
		A8E6D4A5268A4E36001CB51D /* toDoList.app */ = {isa = PBXFileReference; explicitFileType = wrapper.application; includeInIndex = 0; path = toDoList.app; sourceTree = BUILT_PRODUCTS_DIR; };
		A8E6D4A8268A4E36001CB51D /* AppDelegate.swift */ = {isa = PBXFileReference; lastKnownFileType = sourcecode.swift; path = AppDelegate.swift; sourceTree = "<group>"; };
		A8E6D4AA268A4E36001CB51D /* SceneDelegate.swift */ = {isa = PBXFileReference; lastKnownFileType = sourcecode.swift; path = SceneDelegate.swift; sourceTree = "<group>"; };
		A8E6D4AF268A4E36001CB51D /* Base */ = {isa = PBXFileReference; lastKnownFileType = file.storyboard; name = Base; path = Base.lproj/Main.storyboard; sourceTree = "<group>"; };
		A8E6D4B2268A4E36001CB51D /* toDoList.xcdatamodel */ = {isa = PBXFileReference; lastKnownFileType = wrapper.xcdatamodel; path = toDoList.xcdatamodel; sourceTree = "<group>"; };
		A8E6D4B4268A4E37001CB51D /* Assets.xcassets */ = {isa = PBXFileReference; lastKnownFileType = folder.assetcatalog; path = Assets.xcassets; sourceTree = "<group>"; };
		A8E6D4B7268A4E37001CB51D /* Base */ = {isa = PBXFileReference; lastKnownFileType = file.storyboard; name = Base; path = Base.lproj/LaunchScreen.storyboard; sourceTree = "<group>"; };
		A8E6D4B9268A4E37001CB51D /* Info.plist */ = {isa = PBXFileReference; lastKnownFileType = text.plist.xml; path = Info.plist; sourceTree = "<group>"; };
		A8E6D4BE268A4E37001CB51D /* toDoListTests.xctest */ = {isa = PBXFileReference; explicitFileType = wrapper.cfbundle; includeInIndex = 0; path = toDoListTests.xctest; sourceTree = BUILT_PRODUCTS_DIR; };
		A8E6D4C2268A4E37001CB51D /* toDoListTests.swift */ = {isa = PBXFileReference; lastKnownFileType = sourcecode.swift; path = toDoListTests.swift; sourceTree = "<group>"; };
		A8E6D4C4268A4E37001CB51D /* Info.plist */ = {isa = PBXFileReference; lastKnownFileType = text.plist.xml; path = Info.plist; sourceTree = "<group>"; };
		A8E6D4C9268A4E37001CB51D /* toDoListUITests.xctest */ = {isa = PBXFileReference; explicitFileType = wrapper.cfbundle; includeInIndex = 0; path = toDoListUITests.xctest; sourceTree = BUILT_PRODUCTS_DIR; };
		A8E6D4CD268A4E37001CB51D /* toDoListUITests.swift */ = {isa = PBXFileReference; lastKnownFileType = sourcecode.swift; path = toDoListUITests.swift; sourceTree = "<group>"; };
		A8E6D4CF268A4E37001CB51D /* Info.plist */ = {isa = PBXFileReference; lastKnownFileType = text.plist.xml; path = Info.plist; sourceTree = "<group>"; };
		A8E6D4DB268A54A5001CB51D /* ToDoTableViewController.swift */ = {isa = PBXFileReference; lastKnownFileType = sourcecode.swift; path = ToDoTableViewController.swift; sourceTree = "<group>"; };
		A8E6D4DF268ADD74001CB51D /* ToDo.swift */ = {isa = PBXFileReference; lastKnownFileType = sourcecode.swift; path = ToDo.swift; sourceTree = "<group>"; };
		A8E6D4E3268AE82A001CB51D /* AddToDoViewController.swift */ = {isa = PBXFileReference; lastKnownFileType = sourcecode.swift; path = AddToDoViewController.swift; sourceTree = "<group>"; };
		A8E6D524268B9149001CB51D /* CompleteToDoViewController.swift */ = {isa = PBXFileReference; lastKnownFileType = sourcecode.swift; path = CompleteToDoViewController.swift; sourceTree = "<group>"; };
/* End PBXFileReference section */

/* Begin PBXFrameworksBuildPhase section */
		A8E6D4A2268A4E36001CB51D /* Frameworks */ = {
			isa = PBXFrameworksBuildPhase;
			buildActionMask = 2147483647;
			files = (
			);
			runOnlyForDeploymentPostprocessing = 0;
		};
		A8E6D4BB268A4E37001CB51D /* Frameworks */ = {
			isa = PBXFrameworksBuildPhase;
			buildActionMask = 2147483647;
			files = (
			);
			runOnlyForDeploymentPostprocessing = 0;
		};
		A8E6D4C6268A4E37001CB51D /* Frameworks */ = {
			isa = PBXFrameworksBuildPhase;
			buildActionMask = 2147483647;
			files = (
			);
			runOnlyForDeploymentPostprocessing = 0;
		};
/* End PBXFrameworksBuildPhase section */

/* Begin PBXGroup section */
		A8E6D49C268A4E36001CB51D = {
			isa = PBXGroup;
			children = (
				A8E6D4A7268A4E36001CB51D /* toDoList */,
				A8E6D4C1268A4E37001CB51D /* toDoListTests */,
				A8E6D4CC268A4E37001CB51D /* toDoListUITests */,
				A8E6D4A6268A4E36001CB51D /* Products */,
			);
			sourceTree = "<group>";
		};
		A8E6D4A6268A4E36001CB51D /* Products */ = {
			isa = PBXGroup;
			children = (
				A8E6D4A5268A4E36001CB51D /* toDoList.app */,
				A8E6D4BE268A4E37001CB51D /* toDoListTests.xctest */,
				A8E6D4C9268A4E37001CB51D /* toDoListUITests.xctest */,
			);
			name = Products;
			sourceTree = "<group>";
		};
		A8E6D4A7268A4E36001CB51D /* toDoList */ = {
			isa = PBXGroup;
			children = (
				A8E6D4A8268A4E36001CB51D /* AppDelegate.swift */,
				A8E6D4AA268A4E36001CB51D /* SceneDelegate.swift */,
				A8E6D4AE268A4E36001CB51D /* Main.storyboard */,
				A8E6D4DB268A54A5001CB51D /* ToDoTableViewController.swift */,
				A8E6D4DF268ADD74001CB51D /* ToDo.swift */,
				A8E6D4B4268A4E37001CB51D /* Assets.xcassets */,
				A8E6D4B6268A4E37001CB51D /* LaunchScreen.storyboard */,
				A8E6D4B9268A4E37001CB51D /* Info.plist */,
				A8E6D4B1268A4E36001CB51D /* toDoList.xcdatamodeld */,
				A8E6D4E3268AE82A001CB51D /* AddToDoViewController.swift */,
				A8E6D524268B9149001CB51D /* CompleteToDoViewController.swift */,
			);
			path = toDoList;
			sourceTree = "<group>";
		};
		A8E6D4C1268A4E37001CB51D /* toDoListTests */ = {
			isa = PBXGroup;
			children = (
				A8E6D4C2268A4E37001CB51D /* toDoListTests.swift */,
				A8E6D4C4268A4E37001CB51D /* Info.plist */,
			);
			path = toDoListTests;
			sourceTree = "<group>";
		};
		A8E6D4CC268A4E37001CB51D /* toDoListUITests */ = {
			isa = PBXGroup;
			children = (
				A8E6D4CD268A4E37001CB51D /* toDoListUITests.swift */,
				A8E6D4CF268A4E37001CB51D /* Info.plist */,
			);
			path = toDoListUITests;
			sourceTree = "<group>";
		};
/* End PBXGroup section */

/* Begin PBXNativeTarget section */
		A8E6D4A4268A4E36001CB51D /* toDoList */ = {
			isa = PBXNativeTarget;
			buildConfigurationList = A8E6D4D2268A4E37001CB51D /* Build configuration list for PBXNativeTarget "toDoList" */;
			buildPhases = (
				A8E6D4A1268A4E36001CB51D /* Sources */,
				A8E6D4A2268A4E36001CB51D /* Frameworks */,
				A8E6D4A3268A4E36001CB51D /* Resources */,
			);
			buildRules = (
			);
			dependencies = (
			);
			name = toDoList;
			productName = toDoList;
			productReference = A8E6D4A5268A4E36001CB51D /* toDoList.app */;
			productType = "com.apple.product-type.application";
		};
		A8E6D4BD268A4E37001CB51D /* toDoListTests */ = {
			isa = PBXNativeTarget;
			buildConfigurationList = A8E6D4D5268A4E37001CB51D /* Build configuration list for PBXNativeTarget "toDoListTests" */;
			buildPhases = (
				A8E6D4BA268A4E37001CB51D /* Sources */,
				A8E6D4BB268A4E37001CB51D /* Frameworks */,
				A8E6D4BC268A4E37001CB51D /* Resources */,
			);
			buildRules = (
			);
			dependencies = (
				A8E6D4C0268A4E37001CB51D /* PBXTargetDependency */,
			);
			name = toDoListTests;
			productName = toDoListTests;
			productReference = A8E6D4BE268A4E37001CB51D /* toDoListTests.xctest */;
			productType = "com.apple.product-type.bundle.unit-test";
		};
		A8E6D4C8268A4E37001CB51D /* toDoListUITests */ = {
			isa = PBXNativeTarget;
			buildConfigurationList = A8E6D4D8268A4E37001CB51D /* Build configuration list for PBXNativeTarget "toDoListUITests" */;
			buildPhases = (
				A8E6D4C5268A4E37001CB51D /* Sources */,
				A8E6D4C6268A4E37001CB51D /* Frameworks */,
				A8E6D4C7268A4E37001CB51D /* Resources */,
			);
			buildRules = (
			);
			dependencies = (
				A8E6D4CB268A4E37001CB51D /* PBXTargetDependency */,
			);
			name = toDoListUITests;
			productName = toDoListUITests;
			productReference = A8E6D4C9268A4E37001CB51D /* toDoListUITests.xctest */;
			productType = "com.apple.product-type.bundle.ui-testing";
		};
/* End PBXNativeTarget section */

/* Begin PBXProject section */
		A8E6D49D268A4E36001CB51D /* Project object */ = {
			isa = PBXProject;
			attributes = {
				LastSwiftUpdateCheck = 1250;
				LastUpgradeCheck = 1250;
				TargetAttributes = {
					A8E6D4A4268A4E36001CB51D = {
						CreatedOnToolsVersion = 12.5;
					};
					A8E6D4BD268A4E37001CB51D = {
						CreatedOnToolsVersion = 12.5;
						TestTargetID = A8E6D4A4268A4E36001CB51D;
					};
					A8E6D4C8268A4E37001CB51D = {
						CreatedOnToolsVersion = 12.5;
						TestTargetID = A8E6D4A4268A4E36001CB51D;
					};
				};
			};
			buildConfigurationList = A8E6D4A0268A4E36001CB51D /* Build configuration list for PBXProject "toDoList" */;
			compatibilityVersion = "Xcode 9.3";
			developmentRegion = en;
			hasScannedForEncodings = 0;
			knownRegions = (
				en,
				Base,
			);
			mainGroup = A8E6D49C268A4E36001CB51D;
			productRefGroup = A8E6D4A6268A4E36001CB51D /* Products */;
			projectDirPath = "";
			projectRoot = "";
			targets = (
				A8E6D4A4268A4E36001CB51D /* toDoList */,
				A8E6D4BD268A4E37001CB51D /* toDoListTests */,
				A8E6D4C8268A4E37001CB51D /* toDoListUITests */,
			);
		};
/* End PBXProject section */

/* Begin PBXResourcesBuildPhase section */
		A8E6D4A3268A4E36001CB51D /* Resources */ = {
			isa = PBXResourcesBuildPhase;
			buildActionMask = 2147483647;
			files = (
				A8E6D4B8268A4E37001CB51D /* LaunchScreen.storyboard in Resources */,
				A8E6D4B5268A4E37001CB51D /* Assets.xcassets in Resources */,
				A8E6D4B0268A4E36001CB51D /* Main.storyboard in Resources */,
			);
			runOnlyForDeploymentPostprocessing = 0;
		};
		A8E6D4BC268A4E37001CB51D /* Resources */ = {
			isa = PBXResourcesBuildPhase;
			buildActionMask = 2147483647;
			files = (
			);
			runOnlyForDeploymentPostprocessing = 0;
		};
		A8E6D4C7268A4E37001CB51D /* Resources */ = {
			isa = PBXResourcesBuildPhase;
			buildActionMask = 2147483647;
			files = (
			);
			runOnlyForDeploymentPostprocessing = 0;
		};
/* End PBXResourcesBuildPhase section */

/* Begin PBXSourcesBuildPhase section */
		A8E6D4A1268A4E36001CB51D /* Sources */ = {
			isa = PBXSourcesBuildPhase;
			buildActionMask = 2147483647;
			files = (
				A8E6D4A9268A4E36001CB51D /* AppDelegate.swift in Sources */,
				A8E6D4E0268ADD74001CB51D /* ToDo.swift in Sources */,
				A8E6D4DC268A54A5001CB51D /* ToDoTableViewController.swift in Sources */,
				A8E6D525268B9149001CB51D /* CompleteToDoViewController.swift in Sources */,
				A8E6D4AB268A4E36001CB51D /* SceneDelegate.swift in Sources */,
				A8E6D4E4268AE82A001CB51D /* AddToDoViewController.swift in Sources */,
				A8E6D4B3268A4E36001CB51D /* toDoList.xcdatamodeld in Sources */,
			);
			runOnlyForDeploymentPostprocessing = 0;
		};
		A8E6D4BA268A4E37001CB51D /* Sources */ = {
			isa = PBXSourcesBuildPhase;
			buildActionMask = 2147483647;
			files = (
				A8E6D4C3268A4E37001CB51D /* toDoListTests.swift in Sources */,
			);
			runOnlyForDeploymentPostprocessing = 0;
		};
		A8E6D4C5268A4E37001CB51D /* Sources */ = {
			isa = PBXSourcesBuildPhase;
			buildActionMask = 2147483647;
			files = (
				A8E6D4CE268A4E37001CB51D /* toDoListUITests.swift in Sources */,
			);
			runOnlyForDeploymentPostprocessing = 0;
		};
/* End PBXSourcesBuildPhase section */

/* Begin PBXTargetDependency section */
		A8E6D4C0268A4E37001CB51D /* PBXTargetDependency */ = {
			isa = PBXTargetDependency;
			target = A8E6D4A4268A4E36001CB51D /* toDoList */;
			targetProxy = A8E6D4BF268A4E37001CB51D /* PBXContainerItemProxy */;
		};
		A8E6D4CB268A4E37001CB51D /* PBXTargetDependency */ = {
			isa = PBXTargetDependency;
			target = A8E6D4A4268A4E36001CB51D /* toDoList */;
			targetProxy = A8E6D4CA268A4E37001CB51D /* PBXContainerItemProxy */;
		};
/* End PBXTargetDependency section */

/* Begin PBXVariantGroup section */
		A8E6D4AE268A4E36001CB51D /* Main.storyboard */ = {
			isa = PBXVariantGroup;
			children = (
				A8E6D4AF268A4E36001CB51D /* Base */,
			);
			name = Main.storyboard;
			sourceTree = "<group>";
		};
		A8E6D4B6268A4E37001CB51D /* LaunchScreen.storyboard */ = {
			isa = PBXVariantGroup;
			children = (
				A8E6D4B7268A4E37001CB51D /* Base */,
			);
			name = LaunchScreen.storyboard;
			sourceTree = "<group>";
		};
/* End PBXVariantGroup section */

/* Begin XCBuildConfiguration section */
		A8E6D4D0268A4E37001CB51D /* Debug */ = {
			isa = XCBuildConfiguration;
			buildSettings = {
				ALWAYS_SEARCH_USER_PATHS = NO;
				CLANG_ANALYZER_NONNULL = YES;
				CLANG_ANALYZER_NUMBER_OBJECT_CONVERSION = YES_AGGRESSIVE;
				CLANG_CXX_LANGUAGE_STANDARD = "gnu++14";
				CLANG_CXX_LIBRARY = "libc++";
				CLANG_ENABLE_MODULES = YES;
				CLANG_ENABLE_OBJC_ARC = YES;
				CLANG_ENABLE_OBJC_WEAK = YES;
				CLANG_WARN_BLOCK_CAPTURE_AUTORELEASING = YES;
				CLANG_WARN_BOOL_CONVERSION = YES;
				CLANG_WARN_COMMA = YES;
				CLANG_WARN_CONSTANT_CONVERSION = YES;
				CLANG_WARN_DEPRECATED_OBJC_IMPLEMENTATIONS = YES;
				CLANG_WARN_DIRECT_OBJC_ISA_USAGE = YES_ERROR;
				CLANG_WARN_DOCUMENTATION_COMMENTS = YES;
				CLANG_WARN_EMPTY_BODY = YES;
				CLANG_WARN_ENUM_CONVERSION = YES;
				CLANG_WARN_INFINITE_RECURSION = YES;
				CLANG_WARN_INT_CONVERSION = YES;
				CLANG_WARN_NON_LITERAL_NULL_CONVERSION = YES;
				CLANG_WARN_OBJC_IMPLICIT_RETAIN_SELF = YES;
				CLANG_WARN_OBJC_LITERAL_CONVERSION = YES;
				CLANG_WARN_OBJC_ROOT_CLASS = YES_ERROR;
				CLANG_WARN_QUOTED_INCLUDE_IN_FRAMEWORK_HEADER = YES;
				CLANG_WARN_RANGE_LOOP_ANALYSIS = YES;
				CLANG_WARN_STRICT_PROTOTYPES = YES;
				CLANG_WARN_SUSPICIOUS_MOVE = YES;
				CLANG_WARN_UNGUARDED_AVAILABILITY = YES_AGGRESSIVE;
				CLANG_WARN_UNREACHABLE_CODE = YES;
				CLANG_WARN__DUPLICATE_METHOD_MATCH = YES;
				COPY_PHASE_STRIP = NO;
				DEBUG_INFORMATION_FORMAT = dwarf;
				ENABLE_STRICT_OBJC_MSGSEND = YES;
				ENABLE_TESTABILITY = YES;
				GCC_C_LANGUAGE_STANDARD = gnu11;
				GCC_DYNAMIC_NO_PIC = NO;
				GCC_NO_COMMON_BLOCKS = YES;
				GCC_OPTIMIZATION_LEVEL = 0;
				GCC_PREPROCESSOR_DEFINITIONS = (
					"DEBUG=1",
					"$(inherited)",
				);
				GCC_WARN_64_TO_32_BIT_CONVERSION = YES;
				GCC_WARN_ABOUT_RETURN_TYPE = YES_ERROR;
				GCC_WARN_UNDECLARED_SELECTOR = YES;
				GCC_WARN_UNINITIALIZED_AUTOS = YES_AGGRESSIVE;
				GCC_WARN_UNUSED_FUNCTION = YES;
				GCC_WARN_UNUSED_VARIABLE = YES;
				IPHONEOS_DEPLOYMENT_TARGET = 14.5;
				MTL_ENABLE_DEBUG_INFO = INCLUDE_SOURCE;
				MTL_FAST_MATH = YES;
				ONLY_ACTIVE_ARCH = YES;
				SDKROOT = iphoneos;
				SWIFT_ACTIVE_COMPILATION_CONDITIONS = DEBUG;
				SWIFT_OPTIMIZATION_LEVEL = "-Onone";
			};
			name = Debug;
		};
		A8E6D4D1268A4E37001CB51D /* Release */ = {
			isa = XCBuildConfiguration;
			buildSettings = {
				ALWAYS_SEARCH_USER_PATHS = NO;
				CLANG_ANALYZER_NONNULL = YES;
				CLANG_ANALYZER_NUMBER_OBJECT_CONVERSION = YES_AGGRESSIVE;
				CLANG_CXX_LANGUAGE_STANDARD = "gnu++14";
				CLANG_CXX_LIBRARY = "libc++";
				CLANG_ENABLE_MODULES = YES;
				CLANG_ENABLE_OBJC_ARC = YES;
				CLANG_ENABLE_OBJC_WEAK = YES;
				CLANG_WARN_BLOCK_CAPTURE_AUTORELEASING = YES;
				CLANG_WARN_BOOL_CONVERSION = YES;
				CLANG_WARN_COMMA = YES;
				CLANG_WARN_CONSTANT_CONVERSION = YES;
				CLANG_WARN_DEPRECATED_OBJC_IMPLEMENTATIONS = YES;
				CLANG_WARN_DIRECT_OBJC_ISA_USAGE = YES_ERROR;
				CLANG_WARN_DOCUMENTATION_COMMENTS = YES;
				CLANG_WARN_EMPTY_BODY = YES;
				CLANG_WARN_ENUM_CONVERSION = YES;
				CLANG_WARN_INFINITE_RECURSION = YES;
				CLANG_WARN_INT_CONVERSION = YES;
				CLANG_WARN_NON_LITERAL_NULL_CONVERSION = YES;
				CLANG_WARN_OBJC_IMPLICIT_RETAIN_SELF = YES;
				CLANG_WARN_OBJC_LITERAL_CONVERSION = YES;
				CLANG_WARN_OBJC_ROOT_CLASS = YES_ERROR;
				CLANG_WARN_QUOTED_INCLUDE_IN_FRAMEWORK_HEADER = YES;
				CLANG_WARN_RANGE_LOOP_ANALYSIS = YES;
				CLANG_WARN_STRICT_PROTOTYPES = YES;
				CLANG_WARN_SUSPICIOUS_MOVE = YES;
				CLANG_WARN_UNGUARDED_AVAILABILITY = YES_AGGRESSIVE;
				CLANG_WARN_UNREACHABLE_CODE = YES;
				CLANG_WARN__DUPLICATE_METHOD_MATCH = YES;
				COPY_PHASE_STRIP = NO;
				DEBUG_INFORMATION_FORMAT = "dwarf-with-dsym";
				ENABLE_NS_ASSERTIONS = NO;
				ENABLE_STRICT_OBJC_MSGSEND = YES;
				GCC_C_LANGUAGE_STANDARD = gnu11;
				GCC_NO_COMMON_BLOCKS = YES;
				GCC_WARN_64_TO_32_BIT_CONVERSION = YES;
				GCC_WARN_ABOUT_RETURN_TYPE = YES_ERROR;
				GCC_WARN_UNDECLARED_SELECTOR = YES;
				GCC_WARN_UNINITIALIZED_AUTOS = YES_AGGRESSIVE;
				GCC_WARN_UNUSED_FUNCTION = YES;
				GCC_WARN_UNUSED_VARIABLE = YES;
				IPHONEOS_DEPLOYMENT_TARGET = 14.5;
				MTL_ENABLE_DEBUG_INFO = NO;
				MTL_FAST_MATH = YES;
				SDKROOT = iphoneos;
				SWIFT_COMPILATION_MODE = wholemodule;
				SWIFT_OPTIMIZATION_LEVEL = "-O";
				VALIDATE_PRODUCT = YES;
			};
			name = Release;
		};
		A8E6D4D3268A4E37001CB51D /* Debug */ = {
			isa = XCBuildConfiguration;
			buildSettings = {
				ASSETCATALOG_COMPILER_APPICON_NAME = AppIcon;
				ASSETCATALOG_COMPILER_GLOBAL_ACCENT_COLOR_NAME = AccentColor;
				CODE_SIGN_STYLE = Automatic;
				INFOPLIST_FILE = toDoList/Info.plist;
				LD_RUNPATH_SEARCH_PATHS = (
					"$(inherited)",
					"@executable_path/Frameworks",
				);
				PRODUCT_BUNDLE_IDENTIFIER = kwk.toDoList;
				PRODUCT_NAME = "$(TARGET_NAME)";
				SWIFT_VERSION = 5.0;
				TARGETED_DEVICE_FAMILY = "1,2";
			};
			name = Debug;
		};
		A8E6D4D4268A4E37001CB51D /* Release */ = {
			isa = XCBuildConfiguration;
			buildSettings = {
				ASSETCATALOG_COMPILER_APPICON_NAME = AppIcon;
				ASSETCATALOG_COMPILER_GLOBAL_ACCENT_COLOR_NAME = AccentColor;
				CODE_SIGN_STYLE = Automatic;
				INFOPLIST_FILE = toDoList/Info.plist;
				LD_RUNPATH_SEARCH_PATHS = (
					"$(inherited)",
					"@executable_path/Frameworks",
				);
				PRODUCT_BUNDLE_IDENTIFIER = kwk.toDoList;
				PRODUCT_NAME = "$(TARGET_NAME)";
				SWIFT_VERSION = 5.0;
				TARGETED_DEVICE_FAMILY = "1,2";
			};
			name = Release;
		};
		A8E6D4D6268A4E37001CB51D /* Debug */ = {
			isa = XCBuildConfiguration;
			buildSettings = {
				ALWAYS_EMBED_SWIFT_STANDARD_LIBRARIES = YES;
				BUNDLE_LOADER = "$(TEST_HOST)";
				CODE_SIGN_STYLE = Automatic;
				INFOPLIST_FILE = toDoListTests/Info.plist;
				IPHONEOS_DEPLOYMENT_TARGET = 14.5;
				LD_RUNPATH_SEARCH_PATHS = (
					"$(inherited)",
					"@executable_path/Frameworks",
					"@loader_path/Frameworks",
				);
				PRODUCT_BUNDLE_IDENTIFIER = kwk.toDoListTests;
				PRODUCT_NAME = "$(TARGET_NAME)";
				SWIFT_VERSION = 5.0;
				TARGETED_DEVICE_FAMILY = "1,2";
				TEST_HOST = "$(BUILT_PRODUCTS_DIR)/toDoList.app/toDoList";
			};
			name = Debug;
		};
		A8E6D4D7268A4E37001CB51D /* Release */ = {
			isa = XCBuildConfiguration;
			buildSettings = {
				ALWAYS_EMBED_SWIFT_STANDARD_LIBRARIES = YES;
				BUNDLE_LOADER = "$(TEST_HOST)";
				CODE_SIGN_STYLE = Automatic;
				INFOPLIST_FILE = toDoListTests/Info.plist;
				IPHONEOS_DEPLOYMENT_TARGET = 14.5;
				LD_RUNPATH_SEARCH_PATHS = (
					"$(inherited)",
					"@executable_path/Frameworks",
					"@loader_path/Frameworks",
				);
				PRODUCT_BUNDLE_IDENTIFIER = kwk.toDoListTests;
				PRODUCT_NAME = "$(TARGET_NAME)";
				SWIFT_VERSION = 5.0;
				TARGETED_DEVICE_FAMILY = "1,2";
				TEST_HOST = "$(BUILT_PRODUCTS_DIR)/toDoList.app/toDoList";
			};
			name = Release;
		};
		A8E6D4D9268A4E37001CB51D /* Debug */ = {
			isa = XCBuildConfiguration;
			buildSettings = {
				ALWAYS_EMBED_SWIFT_STANDARD_LIBRARIES = YES;
				CODE_SIGN_STYLE = Automatic;
				INFOPLIST_FILE = toDoListUITests/Info.plist;
				LD_RUNPATH_SEARCH_PATHS = (
					"$(inherited)",
					"@executable_path/Frameworks",
					"@loader_path/Frameworks",
				);
				PRODUCT_BUNDLE_IDENTIFIER = kwk.toDoListUITests;
				PRODUCT_NAME = "$(TARGET_NAME)";
				SWIFT_VERSION = 5.0;
				TARGETED_DEVICE_FAMILY = "1,2";
				TEST_TARGET_NAME = toDoList;
			};
			name = Debug;
		};
		A8E6D4DA268A4E37001CB51D /* Release */ = {
			isa = XCBuildConfiguration;
			buildSettings = {
				ALWAYS_EMBED_SWIFT_STANDARD_LIBRARIES = YES;
				CODE_SIGN_STYLE = Automatic;
				INFOPLIST_FILE = toDoListUITests/Info.plist;
				LD_RUNPATH_SEARCH_PATHS = (
					"$(inherited)",
					"@executable_path/Frameworks",
					"@loader_path/Frameworks",
				);
				PRODUCT_BUNDLE_IDENTIFIER = kwk.toDoListUITests;
				PRODUCT_NAME = "$(TARGET_NAME)";
				SWIFT_VERSION = 5.0;
				TARGETED_DEVICE_FAMILY = "1,2";
				TEST_TARGET_NAME = toDoList;
			};
			name = Release;
		};
/* End XCBuildConfiguration section */

/* Begin XCConfigurationList section */
		A8E6D4A0268A4E36001CB51D /* Build configuration list for PBXProject "toDoList" */ = {
			isa = XCConfigurationList;
			buildConfigurations = (
				A8E6D4D0268A4E37001CB51D /* Debug */,
				A8E6D4D1268A4E37001CB51D /* Release */,
			);
			defaultConfigurationIsVisible = 0;
			defaultConfigurationName = Release;
		};
		A8E6D4D2268A4E37001CB51D /* Build configuration list for PBXNativeTarget "toDoList" */ = {
			isa = XCConfigurationList;
			buildConfigurations = (
				A8E6D4D3268A4E37001CB51D /* Debug */,
				A8E6D4D4268A4E37001CB51D /* Release */,
			);
			defaultConfigurationIsVisible = 0;
			defaultConfigurationName = Release;
		};
		A8E6D4D5268A4E37001CB51D /* Build configuration list for PBXNativeTarget "toDoListTests" */ = {
			isa = XCConfigurationList;
			buildConfigurations = (
				A8E6D4D6268A4E37001CB51D /* Debug */,
				A8E6D4D7268A4E37001CB51D /* Release */,
			);
			defaultConfigurationIsVisible = 0;
			defaultConfigurationName = Release;
		};
		A8E6D4D8268A4E37001CB51D /* Build configuration list for PBXNativeTarget "toDoListUITests" */ = {
			isa = XCConfigurationList;
			buildConfigurations = (
				A8E6D4D9268A4E37001CB51D /* Debug */,
				A8E6D4DA268A4E37001CB51D /* Release */,
			);
			defaultConfigurationIsVisible = 0;
			defaultConfigurationName = Release;
		};
/* End XCConfigurationList section */

/* Begin XCVersionGroup section */
		A8E6D4B1268A4E36001CB51D /* toDoList.xcdatamodeld */ = {
			isa = XCVersionGroup;
			children = (
				A8E6D4B2268A4E36001CB51D /* toDoList.xcdatamodel */,
			);
			currentVersion = A8E6D4B2268A4E36001CB51D /* toDoList.xcdatamodel */;
			path = toDoList.xcdatamodeld;
			sourceTree = "<group>";
			versionGroupType = wrapper.xcdatamodel;
		};
/* End XCVersionGroup section */
	};
	rootObject = A8E6D49D268A4E36001CB51D /* Project object */;
}
